
Microsoft Visual Studio Solution File, Format Version 12.00
# Visual Studio 14
VisualStudioVersion = 14.0.24720.0
MinimumVisualStudioVersion = 10.0.40219.1
Project("{2150E333-8FDC-42A3-9474-1A3956D46DE8}") = "01. Defining-Classes", "01. Defining-Classes", "{0910550F-D073-4798-82CD-BEF18672A85E}"
EndProject
Project("{2150E333-8FDC-42A3-9474-1A3956D46DE8}") = "02.Exception Handling", "02.Exception Handling", "{AD375BB5-82FF-4A88-B61A-ED6248D6FF58}"
EndProject
Project("{2150E333-8FDC-42A3-9474-1A3956D46DE8}") = "02.Static Members and Namespaces", "02.Static Members and Namespaces", "{FB0ABD7A-AF48-4710-8EE9-56C5C279F4BA}"
EndProject
Project("{2150E333-8FDC-42A3-9474-1A3956D46DE8}") = "03.Inheritance and Abstraction", "03.Inheritance and Abstraction", "{039E03E9-C644-4ED6-B1CF-E880B5980C74}"
EndProject
Project("{2150E333-8FDC-42A3-9474-1A3956D46DE8}") = "03.Other-Types-in-OOP", "03.Other-Types-in-OOP", "{8CFF8BB6-CBB0-47B1-8A70-81B395716B27}"
EndProject
Project("{2150E333-8FDC-42A3-9474-1A3956D46DE8}") = "04.EncapsulationPolymorph", "04.EncapsulationPolymorph", "{2E7CCADA-9695-46D3-A6AC-CCB60826339D}"
EndProject
Project("{2150E333-8FDC-42A3-9474-1A3956D46DE8}") = "07. OOP-Delegates-and-Events", "07. OOP-Delegates-and-Events", "{8065E261-AD08-414D-B6A6-EB6314A1BEA0}"
EndProject
Project("{2150E333-8FDC-42A3-9474-1A3956D46DE8}") = "10.CommonTypeSystem", "10.CommonTypeSystem", "{0567132D-0F05-4A55-AAE3-2FD78B5373FB}"
EndProject
Project("{FAE04EC0-301F-11D3-BF4B-00C04F79EFBC}") = "Problem 1. Persons", "Homework\01.Defining-Classes\Problem 1.Persons\Problem 1. Persons.csproj", "{972A1038-A860-45A4-9189-582F3A32D642}"
EndProject
Project("{FAE04EC0-301F-11D3-BF4B-00C04F79EFBC}") = "Problem 2. Laptop Shop", "Homework\01.Defining-Classes\Problem 2.Laptop Shop\Problem 2. Laptop Shop.csproj", "{6FA7B956-4595-4DC9-8929-66B7990CF89D}"
EndProject
Project("{FAE04EC0-301F-11D3-BF4B-00C04F79EFBC}") = "Problem 3. PC Catalog", "Homework\01.Defining-Classes\Problem 3.PC Catalog\Problem 3. PC Catalog.csproj", "{8B42D50F-7312-4710-90DE-CC596AC37BCC}"
EndProject
Project("{FAE04EC0-301F-11D3-BF4B-00C04F79EFBC}") = "Problem04. SULS", "Homework\01.Defining-Classes\Problem 4. Software University Learning System\Problem04. SULS.csproj", "{16A8B400-3726-43B9-A82E-358EC6E76331}"
EndProject
Project("{FAE04EC0-301F-11D3-BF4B-00C04F79EFBC}") = "Problem 1. Square Root", "Homework\02.Exception Handling\Problem01. Defining-Classes\Problem 1. Square Root.csproj", "{F0D8A0EC-F219-4615-8414-70F19A905831}"
EndProject
Project("{FAE04EC0-301F-11D3-BF4B-00C04F79EFBC}") = "Problem 2. Enter Numbers", "Homework\02.Exception Handling\Problem02. Enter Numbers\Problem 2. Enter Numbers.csproj", "{E7FB9C17-AC2B-4ABA-89FC-64335D4C45BF}"
EndProject
Project("{FAE04EC0-301F-11D3-BF4B-00C04F79EFBC}") = "Problem 1. Point3D", "Homework\02.Static Members and Namespace\Problem 1. Point3D\Problem 1. Point3D.csproj", "{54B80A11-D0D5-41A3-B93B-9113EA3525BE}"
EndProject
Project("{FAE04EC0-301F-11D3-BF4B-00C04F79EFBC}") = "Problem 2. Distance Calculator", "Homework\02.Static Members and Namespace\Problem 2. Distance Calculator\Problem 2. Distance Calculator.csproj", "{616EA948-CA66-4BEC-918F-BA4D89C6636D}"
EndProject
Project("{FAE04EC0-301F-11D3-BF4B-00C04F79EFBC}") = "Problem 3. Paths", "Homework\02.Static Members and Namespace\Problem 3. Paths\Problem 3. Paths.csproj", "{6221504C-2937-4EA7-93DC-2C27B3BF83A9}"
EndProject
Project("{FAE04EC0-301F-11D3-BF4B-00C04F79EFBC}") = "Problem 4. Namespaces", "Homework\02.Static Members and Namespace\Problem 4. Namespaces\Problem 4. Namespaces.csproj", "{CCD1F4AD-70C7-4E0D-B86E-5F05BCA21B92}"
EndProject
Project("{FAE04EC0-301F-11D3-BF4B-00C04F79EFBC}") = "Problem 5. HTML Dispatcher", "Homework\02.Static Members and Namespace\Problem 5. HTML Dispatcher\Problem 5. HTML Dispatcher.csproj", "{EAB18459-6EE5-4489-9D0D-4CCA7C834FB4}"
EndProject
Project("{FAE04EC0-301F-11D3-BF4B-00C04F79EFBC}") = "Problem 6. BitArray", "Homework\02.Static Members and Namespace\Problem 6. BitArray\Problem 6. BitArray.csproj", "{A22CA823-232B-4C36-920B-27A4A55DC31E}"
EndProject
Project("{FAE04EC0-301F-11D3-BF4B-00C04F79EFBC}") = "Problem 1. HumanStudentWorker", "Homework\03.Inheritance and Abstraction\Problem 1. HumanStudentWorker\Problem 1. HumanStudentWorker.csproj", "{19ADE472-C993-4848-82EB-C5A009A55494}"
EndProject
Project("{FAE04EC0-301F-11D3-BF4B-00C04F79EFBC}") = "Problem 2. Animals", "Homework\03.Inheritance and Abstraction\Problem 2. Animals\Problem 2. Animals.csproj", "{492C4157-3D49-4E94-B51A-CC72C9575AAF}"
EndProject
Project("{FAE04EC0-301F-11D3-BF4B-00C04F79EFBC}") = "Problem 3. Company Hierarchy", "Homework\03.Inheritance and Abstraction\Problem 3. Company Hierarchy\Problem 3. Company Hierarchy.csproj", "{8B44D989-027F-4B03-A82E-F5A43DF145CC}"
EndProject
Project("{FAE04EC0-301F-11D3-BF4B-00C04F79EFBC}") = "Problem 1. Galactic GPS", "Homework\03.Other-Types-in-OOP\Problem 1.Galactic GPS\Problem 1. Galactic GPS.csproj", "{35641899-2120-4E9E-AA35-B23E67E58932}"
EndProject
Project("{FAE04EC0-301F-11D3-BF4B-00C04F79EFBC}") = "Problem 2. Fraction Calculator", "Homework\03.Other-Types-in-OOP\Problem 2.Fraction Calculator\Problem 2. Fraction Calculator.csproj", "{C9CEA5D5-A24F-4AB3-A065-6502CC8C2E3F}"
EndProject
Project("{FAE04EC0-301F-11D3-BF4B-00C04F79EFBC}") = "Problem 3. Generic List", "Homework\03.Other-Types-in-OOP\Problem 3.Generic List\Problem 3. Generic List.csproj", "{0C76593F-9797-4A33-81E6-C097DD6D6D4C}"
EndProject
Project("{FAE04EC0-301F-11D3-BF4B-00C04F79EFBC}") = "Problem 5. Word Document Generator", "Homework\03.Other-Types-in-OOP\Problem 5. Word Document Generator\Problem 5. Word Document Generator.csproj", "{F9F8F98D-FDA0-4A61-B3C1-1C2A6A619594}"
EndProject
Project("{FAE04EC0-301F-11D3-BF4B-00C04F79EFBC}") = "Problem 1. Shapes", "Homework\04.EncapsulationPolymorph\Problem 1.Shapes\Problem 1. Shapes.csproj", "{8FF698D5-E3CA-4295-892C-45C2BDACB32B}"
EndProject
Project("{FAE04EC0-301F-11D3-BF4B-00C04F79EFBC}") = "Problem 2. Bank of Kurtovo Konare", "Homework\04.EncapsulationPolymorph\Problem 2.Bank of Kurtovo Konare\Problem 2. Bank of Kurtovo Konare.csproj", "{F4FE9A6B-B9E2-4A0A-A3DC-7C374C8CCCB4}"
EndProject
Project("{FAE04EC0-301F-11D3-BF4B-00C04F79EFBC}") = "Problem 3. Game Engine", "Homework\04.EncapsulationPolymorph\Problem 3.Game Engine\Problem 3. Game Engine.csproj", "{7C6F7F25-2FDB-401F-B1A9-D8CE3BB7308D}"
EndProject
Project("{FAE04EC0-301F-11D3-BF4B-00C04F79EFBC}") = "Problem 1. Custom LINQ Extension Methods", "Homework\07.DelegatesAndEvents\Problem 1.Custom LINQ Extension Methods\Problem 1. Custom LINQ Extension Methods.csproj", "{79D500B0-715C-4493-918B-7D7BFF71BF1F}"
EndProject
Project("{FAE04EC0-301F-11D3-BF4B-00C04F79EFBC}") = "Problem 2. Interest Calculator", "Homework\07.DelegatesAndEvents\Problem 2.Interest Calculator\Problem 2. Interest Calculator.csproj", "{335B40F8-E5B7-4236-B332-8023FD0D3D18}"
EndProject
Project("{FAE04EC0-301F-11D3-BF4B-00C04F79EFBC}") = "Problem 3. Asynchronous Timer", "Homework\07.DelegatesAndEvents\Problem 3.Asynchronous Timer\Problem 3. Asynchronous Timer.csproj", "{9F3FB43B-4401-4579-9976-8DBBE9C40095}"
EndProject
Project("{FAE04EC0-301F-11D3-BF4B-00C04F79EFBC}") = "Problem 4. Student Class", "Homework\07.DelegatesAndEvents\Problem 4.Student Class\Problem 4. Student Class.csproj", "{3C83FB55-470B-403B-B6DE-2C5E48932295}"
EndProject
Project("{FAE04EC0-301F-11D3-BF4B-00C04F79EFBC}") = "Problem 2. Customer", "Homework\10.CommonTypeSystem\Problem 2.Customer\Problem 2. Customer.csproj", "{71F020EB-2F15-461E-AD11-43D3799096CE}"
EndProject
Project("{FAE04EC0-301F-11D3-BF4B-00C04F79EFBC}") = "Problem 3. String Disperser", "Homework\10.CommonTypeSystem\Problem 3.String Disperser\Problem 3. String Disperser.csproj", "{71F22397-649C-4354-9BA0-6F309C6D4741}"
EndProject
Project("{2150E333-8FDC-42A3-9474-1A3956D46DE8}") = "Homework", "Homework", "{2C2DB6CF-F47A-4835-9296-33F151356109}"
EndProject
Project("{2150E333-8FDC-42A3-9474-1A3956D46DE8}") = "Labs and Exam", "Labs and Exam", "{F8D7321A-2D52-4021-BCFB-3F19CB54C799}"
EndProject
Project("{2150E333-8FDC-42A3-9474-1A3956D46DE8}") = "Personal Project", "Personal Project", "{D84C2512-C933-47B4-8E29-D86C199EED84}"
EndProject
Project("{FAE04EC0-301F-11D3-BF4B-00C04F79EFBC}") = "MageRPG", "Personal Project\ClassicRPG\MageRPG.csproj", "{0ACE0C91-8473-4C13-BC59-DF1A06C9ED79}"
EndProject
Project("{FAE04EC0-301F-11D3-BF4B-00C04F79EFBC}") = "MassEffect", "Exam and Labs\Labs\Mass Effect lab\MassEffect\MassEffect.csproj", "{7EF92FA0-48C3-4431-B581-06CFB344D7FE}"
EndProject
Project("{FAE04EC0-301F-11D3-BF4B-00C04F79EFBC}") = "FootballManager", "Exam and Labs\Labs\Football Manager lab\FootballManager\FootballManager.csproj", "{08226584-439B-46EA-BE05-5E6FBE5DD739}"
EndProject
Project("{2150E333-8FDC-42A3-9474-1A3956D46DE8}") = "Labs", "Labs", "{10A25495-773B-4112-99CC-C2BB1A252488}"
EndProject
Project("{FAE04EC0-301F-11D3-BF4B-00C04F79EFBC}") = "Blobs", "Exam and Labs\OOP_Exam-12-06\Blobs\Blobs.csproj", "{19BEB5FF-73C8-4FA9-87AF-EC10D4FDE952}"
EndProject
Project("{2150E333-8FDC-42A3-9474-1A3956D46DE8}") = "Exam-20.12.2015", "Exam-20.12.2015", "{C3785FE3-A193-43C1-9F86-A933F31E29D9}"
EndProject
Global
	GlobalSection(SolutionConfigurationPlatforms) = preSolution
		Debug|Any CPU = Debug|Any CPU
		Debug|x86 = Debug|x86
		Release|Any CPU = Release|Any CPU
		Release|x86 = Release|x86
	EndGlobalSection
	GlobalSection(ProjectConfigurationPlatforms) = postSolution
		{972A1038-A860-45A4-9189-582F3A32D642}.Debug|Any CPU.ActiveCfg = Debug|Any CPU
		{972A1038-A860-45A4-9189-582F3A32D642}.Debug|Any CPU.Build.0 = Debug|Any CPU
		{972A1038-A860-45A4-9189-582F3A32D642}.Debug|x86.ActiveCfg = Debug|Any CPU
		{972A1038-A860-45A4-9189-582F3A32D642}.Debug|x86.Build.0 = Debug|Any CPU
		{972A1038-A860-45A4-9189-582F3A32D642}.Release|Any CPU.ActiveCfg = Release|Any CPU
		{972A1038-A860-45A4-9189-582F3A32D642}.Release|Any CPU.Build.0 = Release|Any CPU
		{972A1038-A860-45A4-9189-582F3A32D642}.Release|x86.ActiveCfg = Release|Any CPU
		{972A1038-A860-45A4-9189-582F3A32D642}.Release|x86.Build.0 = Release|Any CPU
		{6FA7B956-4595-4DC9-8929-66B7990CF89D}.Debug|Any CPU.ActiveCfg = Debug|Any CPU
		{6FA7B956-4595-4DC9-8929-66B7990CF89D}.Debug|Any CPU.Build.0 = Debug|Any CPU
		{6FA7B956-4595-4DC9-8929-66B7990CF89D}.Debug|x86.ActiveCfg = Debug|Any CPU
		{6FA7B956-4595-4DC9-8929-66B7990CF89D}.Debug|x86.Build.0 = Debug|Any CPU
		{6FA7B956-4595-4DC9-8929-66B7990CF89D}.Release|Any CPU.ActiveCfg = Release|Any CPU
		{6FA7B956-4595-4DC9-8929-66B7990CF89D}.Release|Any CPU.Build.0 = Release|Any CPU
		{6FA7B956-4595-4DC9-8929-66B7990CF89D}.Release|x86.ActiveCfg = Release|Any CPU
		{6FA7B956-4595-4DC9-8929-66B7990CF89D}.Release|x86.Build.0 = Release|Any CPU
		{8B42D50F-7312-4710-90DE-CC596AC37BCC}.Debug|Any CPU.ActiveCfg = Debug|Any CPU
		{8B42D50F-7312-4710-90DE-CC596AC37BCC}.Debug|Any CPU.Build.0 = Debug|Any CPU
		{8B42D50F-7312-4710-90DE-CC596AC37BCC}.Debug|x86.ActiveCfg = Debug|Any CPU
		{8B42D50F-7312-4710-90DE-CC596AC37BCC}.Debug|x86.Build.0 = Debug|Any CPU
		{8B42D50F-7312-4710-90DE-CC596AC37BCC}.Release|Any CPU.ActiveCfg = Release|Any CPU
		{8B42D50F-7312-4710-90DE-CC596AC37BCC}.Release|Any CPU.Build.0 = Release|Any CPU
		{8B42D50F-7312-4710-90DE-CC596AC37BCC}.Release|x86.ActiveCfg = Release|Any CPU
		{8B42D50F-7312-4710-90DE-CC596AC37BCC}.Release|x86.Build.0 = Release|Any CPU
		{16A8B400-3726-43B9-A82E-358EC6E76331}.Debug|Any CPU.ActiveCfg = Debug|Any CPU
		{16A8B400-3726-43B9-A82E-358EC6E76331}.Debug|Any CPU.Build.0 = Debug|Any CPU
		{16A8B400-3726-43B9-A82E-358EC6E76331}.Debug|x86.ActiveCfg = Debug|Any CPU
		{16A8B400-3726-43B9-A82E-358EC6E76331}.Debug|x86.Build.0 = Debug|Any CPU
		{16A8B400-3726-43B9-A82E-358EC6E76331}.Release|Any CPU.ActiveCfg = Release|Any CPU
		{16A8B400-3726-43B9-A82E-358EC6E76331}.Release|Any CPU.Build.0 = Release|Any CPU
		{16A8B400-3726-43B9-A82E-358EC6E76331}.Release|x86.ActiveCfg = Release|Any CPU
		{16A8B400-3726-43B9-A82E-358EC6E76331}.Release|x86.Build.0 = Release|Any CPU
		{F0D8A0EC-F219-4615-8414-70F19A905831}.Debug|Any CPU.ActiveCfg = Debug|Any CPU
		{F0D8A0EC-F219-4615-8414-70F19A905831}.Debug|Any CPU.Build.0 = Debug|Any CPU
		{F0D8A0EC-F219-4615-8414-70F19A905831}.Debug|x86.ActiveCfg = Debug|Any CPU
		{F0D8A0EC-F219-4615-8414-70F19A905831}.Debug|x86.Build.0 = Debug|Any CPU
		{F0D8A0EC-F219-4615-8414-70F19A905831}.Release|Any CPU.ActiveCfg = Release|Any CPU
		{F0D8A0EC-F219-4615-8414-70F19A905831}.Release|Any CPU.Build.0 = Release|Any CPU
		{F0D8A0EC-F219-4615-8414-70F19A905831}.Release|x86.ActiveCfg = Release|Any CPU
		{F0D8A0EC-F219-4615-8414-70F19A905831}.Release|x86.Build.0 = Release|Any CPU
		{E7FB9C17-AC2B-4ABA-89FC-64335D4C45BF}.Debug|Any CPU.ActiveCfg = Debug|Any CPU
		{E7FB9C17-AC2B-4ABA-89FC-64335D4C45BF}.Debug|Any CPU.Build.0 = Debug|Any CPU
		{E7FB9C17-AC2B-4ABA-89FC-64335D4C45BF}.Debug|x86.ActiveCfg = Debug|Any CPU
		{E7FB9C17-AC2B-4ABA-89FC-64335D4C45BF}.Debug|x86.Build.0 = Debug|Any CPU
		{E7FB9C17-AC2B-4ABA-89FC-64335D4C45BF}.Release|Any CPU.ActiveCfg = Release|Any CPU
		{E7FB9C17-AC2B-4ABA-89FC-64335D4C45BF}.Release|Any CPU.Build.0 = Release|Any CPU
		{E7FB9C17-AC2B-4ABA-89FC-64335D4C45BF}.Release|x86.ActiveCfg = Release|Any CPU
		{E7FB9C17-AC2B-4ABA-89FC-64335D4C45BF}.Release|x86.Build.0 = Release|Any CPU
		{54B80A11-D0D5-41A3-B93B-9113EA3525BE}.Debug|Any CPU.ActiveCfg = Debug|Any CPU
		{54B80A11-D0D5-41A3-B93B-9113EA3525BE}.Debug|Any CPU.Build.0 = Debug|Any CPU
		{54B80A11-D0D5-41A3-B93B-9113EA3525BE}.Debug|x86.ActiveCfg = Debug|Any CPU
		{54B80A11-D0D5-41A3-B93B-9113EA3525BE}.Debug|x86.Build.0 = Debug|Any CPU
		{54B80A11-D0D5-41A3-B93B-9113EA3525BE}.Release|Any CPU.ActiveCfg = Release|Any CPU
		{54B80A11-D0D5-41A3-B93B-9113EA3525BE}.Release|Any CPU.Build.0 = Release|Any CPU
		{54B80A11-D0D5-41A3-B93B-9113EA3525BE}.Release|x86.ActiveCfg = Release|Any CPU
		{54B80A11-D0D5-41A3-B93B-9113EA3525BE}.Release|x86.Build.0 = Release|Any CPU
		{616EA948-CA66-4BEC-918F-BA4D89C6636D}.Debug|Any CPU.ActiveCfg = Debug|Any CPU
		{616EA948-CA66-4BEC-918F-BA4D89C6636D}.Debug|Any CPU.Build.0 = Debug|Any CPU
		{616EA948-CA66-4BEC-918F-BA4D89C6636D}.Debug|x86.ActiveCfg = Debug|Any CPU
		{616EA948-CA66-4BEC-918F-BA4D89C6636D}.Debug|x86.Build.0 = Debug|Any CPU
		{616EA948-CA66-4BEC-918F-BA4D89C6636D}.Release|Any CPU.ActiveCfg = Release|Any CPU
		{616EA948-CA66-4BEC-918F-BA4D89C6636D}.Release|Any CPU.Build.0 = Release|Any CPU
		{616EA948-CA66-4BEC-918F-BA4D89C6636D}.Release|x86.ActiveCfg = Release|Any CPU
		{616EA948-CA66-4BEC-918F-BA4D89C6636D}.Release|x86.Build.0 = Release|Any CPU
		{6221504C-2937-4EA7-93DC-2C27B3BF83A9}.Debug|Any CPU.ActiveCfg = Debug|Any CPU
		{6221504C-2937-4EA7-93DC-2C27B3BF83A9}.Debug|Any CPU.Build.0 = Debug|Any CPU
		{6221504C-2937-4EA7-93DC-2C27B3BF83A9}.Debug|x86.ActiveCfg = Debug|Any CPU
		{6221504C-2937-4EA7-93DC-2C27B3BF83A9}.Debug|x86.Build.0 = Debug|Any CPU
		{6221504C-2937-4EA7-93DC-2C27B3BF83A9}.Release|Any CPU.ActiveCfg = Release|Any CPU
		{6221504C-2937-4EA7-93DC-2C27B3BF83A9}.Release|Any CPU.Build.0 = Release|Any CPU
		{6221504C-2937-4EA7-93DC-2C27B3BF83A9}.Release|x86.ActiveCfg = Release|Any CPU
		{6221504C-2937-4EA7-93DC-2C27B3BF83A9}.Release|x86.Build.0 = Release|Any CPU
		{CCD1F4AD-70C7-4E0D-B86E-5F05BCA21B92}.Debug|Any CPU.ActiveCfg = Debug|Any CPU
		{CCD1F4AD-70C7-4E0D-B86E-5F05BCA21B92}.Debug|Any CPU.Build.0 = Debug|Any CPU
		{CCD1F4AD-70C7-4E0D-B86E-5F05BCA21B92}.Debug|x86.ActiveCfg = Debug|Any CPU
		{CCD1F4AD-70C7-4E0D-B86E-5F05BCA21B92}.Debug|x86.Build.0 = Debug|Any CPU
		{CCD1F4AD-70C7-4E0D-B86E-5F05BCA21B92}.Release|Any CPU.ActiveCfg = Release|Any CPU
		{CCD1F4AD-70C7-4E0D-B86E-5F05BCA21B92}.Release|Any CPU.Build.0 = Release|Any CPU
		{CCD1F4AD-70C7-4E0D-B86E-5F05BCA21B92}.Release|x86.ActiveCfg = Release|Any CPU
		{CCD1F4AD-70C7-4E0D-B86E-5F05BCA21B92}.Release|x86.Build.0 = Release|Any CPU
		{EAB18459-6EE5-4489-9D0D-4CCA7C834FB4}.Debug|Any CPU.ActiveCfg = Debug|Any CPU
		{EAB18459-6EE5-4489-9D0D-4CCA7C834FB4}.Debug|Any CPU.Build.0 = Debug|Any CPU
		{EAB18459-6EE5-4489-9D0D-4CCA7C834FB4}.Debug|x86.ActiveCfg = Debug|Any CPU
		{EAB18459-6EE5-4489-9D0D-4CCA7C834FB4}.Debug|x86.Build.0 = Debug|Any CPU
		{EAB18459-6EE5-4489-9D0D-4CCA7C834FB4}.Release|Any CPU.ActiveCfg = Release|Any CPU
		{EAB18459-6EE5-4489-9D0D-4CCA7C834FB4}.Release|Any CPU.Build.0 = Release|Any CPU
		{EAB18459-6EE5-4489-9D0D-4CCA7C834FB4}.Release|x86.ActiveCfg = Release|Any CPU
		{EAB18459-6EE5-4489-9D0D-4CCA7C834FB4}.Release|x86.Build.0 = Release|Any CPU
		{A22CA823-232B-4C36-920B-27A4A55DC31E}.Debug|Any CPU.ActiveCfg = Debug|Any CPU
		{A22CA823-232B-4C36-920B-27A4A55DC31E}.Debug|Any CPU.Build.0 = Debug|Any CPU
		{A22CA823-232B-4C36-920B-27A4A55DC31E}.Debug|x86.ActiveCfg = Debug|Any CPU
		{A22CA823-232B-4C36-920B-27A4A55DC31E}.Debug|x86.Build.0 = Debug|Any CPU
		{A22CA823-232B-4C36-920B-27A4A55DC31E}.Release|Any CPU.ActiveCfg = Release|Any CPU
		{A22CA823-232B-4C36-920B-27A4A55DC31E}.Release|Any CPU.Build.0 = Release|Any CPU
		{A22CA823-232B-4C36-920B-27A4A55DC31E}.Release|x86.ActiveCfg = Release|Any CPU
		{A22CA823-232B-4C36-920B-27A4A55DC31E}.Release|x86.Build.0 = Release|Any CPU
		{19ADE472-C993-4848-82EB-C5A009A55494}.Debug|Any CPU.ActiveCfg = Debug|Any CPU
		{19ADE472-C993-4848-82EB-C5A009A55494}.Debug|Any CPU.Build.0 = Debug|Any CPU
		{19ADE472-C993-4848-82EB-C5A009A55494}.Debug|x86.ActiveCfg = Debug|Any CPU
		{19ADE472-C993-4848-82EB-C5A009A55494}.Debug|x86.Build.0 = Debug|Any CPU
		{19ADE472-C993-4848-82EB-C5A009A55494}.Release|Any CPU.ActiveCfg = Release|Any CPU
		{19ADE472-C993-4848-82EB-C5A009A55494}.Release|Any CPU.Build.0 = Release|Any CPU
		{19ADE472-C993-4848-82EB-C5A009A55494}.Release|x86.ActiveCfg = Release|Any CPU
		{19ADE472-C993-4848-82EB-C5A009A55494}.Release|x86.Build.0 = Release|Any CPU
		{492C4157-3D49-4E94-B51A-CC72C9575AAF}.Debug|Any CPU.ActiveCfg = Debug|Any CPU
		{492C4157-3D49-4E94-B51A-CC72C9575AAF}.Debug|Any CPU.Build.0 = Debug|Any CPU
		{492C4157-3D49-4E94-B51A-CC72C9575AAF}.Debug|x86.ActiveCfg = Debug|Any CPU
		{492C4157-3D49-4E94-B51A-CC72C9575AAF}.Debug|x86.Build.0 = Debug|Any CPU
		{492C4157-3D49-4E94-B51A-CC72C9575AAF}.Release|Any CPU.ActiveCfg = Release|Any CPU
		{492C4157-3D49-4E94-B51A-CC72C9575AAF}.Release|Any CPU.Build.0 = Release|Any CPU
		{492C4157-3D49-4E94-B51A-CC72C9575AAF}.Release|x86.ActiveCfg = Release|Any CPU
		{492C4157-3D49-4E94-B51A-CC72C9575AAF}.Release|x86.Build.0 = Release|Any CPU
		{8B44D989-027F-4B03-A82E-F5A43DF145CC}.Debug|Any CPU.ActiveCfg = Debug|Any CPU
		{8B44D989-027F-4B03-A82E-F5A43DF145CC}.Debug|Any CPU.Build.0 = Debug|Any CPU
		{8B44D989-027F-4B03-A82E-F5A43DF145CC}.Debug|x86.ActiveCfg = Debug|Any CPU
		{8B44D989-027F-4B03-A82E-F5A43DF145CC}.Debug|x86.Build.0 = Debug|Any CPU
		{8B44D989-027F-4B03-A82E-F5A43DF145CC}.Release|Any CPU.ActiveCfg = Release|Any CPU
		{8B44D989-027F-4B03-A82E-F5A43DF145CC}.Release|Any CPU.Build.0 = Release|Any CPU
		{8B44D989-027F-4B03-A82E-F5A43DF145CC}.Release|x86.ActiveCfg = Release|Any CPU
		{8B44D989-027F-4B03-A82E-F5A43DF145CC}.Release|x86.Build.0 = Release|Any CPU
		{35641899-2120-4E9E-AA35-B23E67E58932}.Debug|Any CPU.ActiveCfg = Debug|Any CPU
		{35641899-2120-4E9E-AA35-B23E67E58932}.Debug|Any CPU.Build.0 = Debug|Any CPU
		{35641899-2120-4E9E-AA35-B23E67E58932}.Debug|x86.ActiveCfg = Debug|Any CPU
		{35641899-2120-4E9E-AA35-B23E67E58932}.Debug|x86.Build.0 = Debug|Any CPU
		{35641899-2120-4E9E-AA35-B23E67E58932}.Release|Any CPU.ActiveCfg = Release|Any CPU
		{35641899-2120-4E9E-AA35-B23E67E58932}.Release|Any CPU.Build.0 = Release|Any CPU
		{35641899-2120-4E9E-AA35-B23E67E58932}.Release|x86.ActiveCfg = Release|Any CPU
		{35641899-2120-4E9E-AA35-B23E67E58932}.Release|x86.Build.0 = Release|Any CPU
		{C9CEA5D5-A24F-4AB3-A065-6502CC8C2E3F}.Debug|Any CPU.ActiveCfg = Debug|Any CPU
		{C9CEA5D5-A24F-4AB3-A065-6502CC8C2E3F}.Debug|Any CPU.Build.0 = Debug|Any CPU
		{C9CEA5D5-A24F-4AB3-A065-6502CC8C2E3F}.Debug|x86.ActiveCfg = Debug|Any CPU
		{C9CEA5D5-A24F-4AB3-A065-6502CC8C2E3F}.Debug|x86.Build.0 = Debug|Any CPU
		{C9CEA5D5-A24F-4AB3-A065-6502CC8C2E3F}.Release|Any CPU.ActiveCfg = Release|Any CPU
		{C9CEA5D5-A24F-4AB3-A065-6502CC8C2E3F}.Release|Any CPU.Build.0 = Release|Any CPU
		{C9CEA5D5-A24F-4AB3-A065-6502CC8C2E3F}.Release|x86.ActiveCfg = Release|Any CPU
		{C9CEA5D5-A24F-4AB3-A065-6502CC8C2E3F}.Release|x86.Build.0 = Release|Any CPU
		{0C76593F-9797-4A33-81E6-C097DD6D6D4C}.Debug|Any CPU.ActiveCfg = Debug|Any CPU
		{0C76593F-9797-4A33-81E6-C097DD6D6D4C}.Debug|Any CPU.Build.0 = Debug|Any CPU
		{0C76593F-9797-4A33-81E6-C097DD6D6D4C}.Debug|x86.ActiveCfg = Debug|Any CPU
		{0C76593F-9797-4A33-81E6-C097DD6D6D4C}.Debug|x86.Build.0 = Debug|Any CPU
		{0C76593F-9797-4A33-81E6-C097DD6D6D4C}.Release|Any CPU.ActiveCfg = Release|Any CPU
		{0C76593F-9797-4A33-81E6-C097DD6D6D4C}.Release|Any CPU.Build.0 = Release|Any CPU
		{0C76593F-9797-4A33-81E6-C097DD6D6D4C}.Release|x86.ActiveCfg = Release|Any CPU
		{0C76593F-9797-4A33-81E6-C097DD6D6D4C}.Release|x86.Build.0 = Release|Any CPU
		{F9F8F98D-FDA0-4A61-B3C1-1C2A6A619594}.Debug|Any CPU.ActiveCfg = Debug|Any CPU
		{F9F8F98D-FDA0-4A61-B3C1-1C2A6A619594}.Debug|Any CPU.Build.0 = Debug|Any CPU
		{F9F8F98D-FDA0-4A61-B3C1-1C2A6A619594}.Debug|x86.ActiveCfg = Debug|Any CPU
		{F9F8F98D-FDA0-4A61-B3C1-1C2A6A619594}.Debug|x86.Build.0 = Debug|Any CPU
		{F9F8F98D-FDA0-4A61-B3C1-1C2A6A619594}.Release|Any CPU.ActiveCfg = Release|Any CPU
		{F9F8F98D-FDA0-4A61-B3C1-1C2A6A619594}.Release|Any CPU.Build.0 = Release|Any CPU
		{F9F8F98D-FDA0-4A61-B3C1-1C2A6A619594}.Release|x86.ActiveCfg = Release|Any CPU
		{F9F8F98D-FDA0-4A61-B3C1-1C2A6A619594}.Release|x86.Build.0 = Release|Any CPU
		{8FF698D5-E3CA-4295-892C-45C2BDACB32B}.Debug|Any CPU.ActiveCfg = Debug|Any CPU
		{8FF698D5-E3CA-4295-892C-45C2BDACB32B}.Debug|Any CPU.Build.0 = Debug|Any CPU
		{8FF698D5-E3CA-4295-892C-45C2BDACB32B}.Debug|x86.ActiveCfg = Debug|Any CPU
		{8FF698D5-E3CA-4295-892C-45C2BDACB32B}.Debug|x86.Build.0 = Debug|Any CPU
		{8FF698D5-E3CA-4295-892C-45C2BDACB32B}.Release|Any CPU.ActiveCfg = Release|Any CPU
		{8FF698D5-E3CA-4295-892C-45C2BDACB32B}.Release|Any CPU.Build.0 = Release|Any CPU
		{8FF698D5-E3CA-4295-892C-45C2BDACB32B}.Release|x86.ActiveCfg = Release|Any CPU
		{8FF698D5-E3CA-4295-892C-45C2BDACB32B}.Release|x86.Build.0 = Release|Any CPU
		{F4FE9A6B-B9E2-4A0A-A3DC-7C374C8CCCB4}.Debug|Any CPU.ActiveCfg = Debug|Any CPU
		{F4FE9A6B-B9E2-4A0A-A3DC-7C374C8CCCB4}.Debug|Any CPU.Build.0 = Debug|Any CPU
		{F4FE9A6B-B9E2-4A0A-A3DC-7C374C8CCCB4}.Debug|x86.ActiveCfg = Debug|Any CPU
		{F4FE9A6B-B9E2-4A0A-A3DC-7C374C8CCCB4}.Debug|x86.Build.0 = Debug|Any CPU
		{F4FE9A6B-B9E2-4A0A-A3DC-7C374C8CCCB4}.Release|Any CPU.ActiveCfg = Release|Any CPU
		{F4FE9A6B-B9E2-4A0A-A3DC-7C374C8CCCB4}.Release|Any CPU.Build.0 = Release|Any CPU
		{F4FE9A6B-B9E2-4A0A-A3DC-7C374C8CCCB4}.Release|x86.ActiveCfg = Release|Any CPU
		{F4FE9A6B-B9E2-4A0A-A3DC-7C374C8CCCB4}.Release|x86.Build.0 = Release|Any CPU
		{7C6F7F25-2FDB-401F-B1A9-D8CE3BB7308D}.Debug|Any CPU.ActiveCfg = Debug|Any CPU
		{7C6F7F25-2FDB-401F-B1A9-D8CE3BB7308D}.Debug|Any CPU.Build.0 = Debug|Any CPU
		{7C6F7F25-2FDB-401F-B1A9-D8CE3BB7308D}.Debug|x86.ActiveCfg = Debug|Any CPU
		{7C6F7F25-2FDB-401F-B1A9-D8CE3BB7308D}.Debug|x86.Build.0 = Debug|Any CPU
		{7C6F7F25-2FDB-401F-B1A9-D8CE3BB7308D}.Release|Any CPU.ActiveCfg = Release|Any CPU
		{7C6F7F25-2FDB-401F-B1A9-D8CE3BB7308D}.Release|Any CPU.Build.0 = Release|Any CPU
		{7C6F7F25-2FDB-401F-B1A9-D8CE3BB7308D}.Release|x86.ActiveCfg = Release|Any CPU
		{7C6F7F25-2FDB-401F-B1A9-D8CE3BB7308D}.Release|x86.Build.0 = Release|Any CPU
		{79D500B0-715C-4493-918B-7D7BFF71BF1F}.Debug|Any CPU.ActiveCfg = Debug|Any CPU
		{79D500B0-715C-4493-918B-7D7BFF71BF1F}.Debug|Any CPU.Build.0 = Debug|Any CPU
		{79D500B0-715C-4493-918B-7D7BFF71BF1F}.Debug|x86.ActiveCfg = Debug|Any CPU
		{79D500B0-715C-4493-918B-7D7BFF71BF1F}.Debug|x86.Build.0 = Debug|Any CPU
		{79D500B0-715C-4493-918B-7D7BFF71BF1F}.Release|Any CPU.ActiveCfg = Release|Any CPU
		{79D500B0-715C-4493-918B-7D7BFF71BF1F}.Release|Any CPU.Build.0 = Release|Any CPU
		{79D500B0-715C-4493-918B-7D7BFF71BF1F}.Release|x86.ActiveCfg = Release|Any CPU
		{79D500B0-715C-4493-918B-7D7BFF71BF1F}.Release|x86.Build.0 = Release|Any CPU
		{335B40F8-E5B7-4236-B332-8023FD0D3D18}.Debug|Any CPU.ActiveCfg = Debug|Any CPU
		{335B40F8-E5B7-4236-B332-8023FD0D3D18}.Debug|Any CPU.Build.0 = Debug|Any CPU
		{335B40F8-E5B7-4236-B332-8023FD0D3D18}.Debug|x86.ActiveCfg = Debug|Any CPU
		{335B40F8-E5B7-4236-B332-8023FD0D3D18}.Debug|x86.Build.0 = Debug|Any CPU
		{335B40F8-E5B7-4236-B332-8023FD0D3D18}.Release|Any CPU.ActiveCfg = Release|Any CPU
		{335B40F8-E5B7-4236-B332-8023FD0D3D18}.Release|Any CPU.Build.0 = Release|Any CPU
		{335B40F8-E5B7-4236-B332-8023FD0D3D18}.Release|x86.ActiveCfg = Release|Any CPU
		{335B40F8-E5B7-4236-B332-8023FD0D3D18}.Release|x86.Build.0 = Release|Any CPU
		{9F3FB43B-4401-4579-9976-8DBBE9C40095}.Debug|Any CPU.ActiveCfg = Debug|Any CPU
		{9F3FB43B-4401-4579-9976-8DBBE9C40095}.Debug|Any CPU.Build.0 = Debug|Any CPU
		{9F3FB43B-4401-4579-9976-8DBBE9C40095}.Debug|x86.ActiveCfg = Debug|Any CPU
		{9F3FB43B-4401-4579-9976-8DBBE9C40095}.Debug|x86.Build.0 = Debug|Any CPU
		{9F3FB43B-4401-4579-9976-8DBBE9C40095}.Release|Any CPU.ActiveCfg = Release|Any CPU
		{9F3FB43B-4401-4579-9976-8DBBE9C40095}.Release|Any CPU.Build.0 = Release|Any CPU
		{9F3FB43B-4401-4579-9976-8DBBE9C40095}.Release|x86.ActiveCfg = Release|Any CPU
		{9F3FB43B-4401-4579-9976-8DBBE9C40095}.Release|x86.Build.0 = Release|Any CPU
		{3C83FB55-470B-403B-B6DE-2C5E48932295}.Debug|Any CPU.ActiveCfg = Debug|Any CPU
		{3C83FB55-470B-403B-B6DE-2C5E48932295}.Debug|Any CPU.Build.0 = Debug|Any CPU
		{3C83FB55-470B-403B-B6DE-2C5E48932295}.Debug|x86.ActiveCfg = Debug|Any CPU
		{3C83FB55-470B-403B-B6DE-2C5E48932295}.Debug|x86.Build.0 = Debug|Any CPU
		{3C83FB55-470B-403B-B6DE-2C5E48932295}.Release|Any CPU.ActiveCfg = Release|Any CPU
		{3C83FB55-470B-403B-B6DE-2C5E48932295}.Release|Any CPU.Build.0 = Release|Any CPU
		{3C83FB55-470B-403B-B6DE-2C5E48932295}.Release|x86.ActiveCfg = Release|Any CPU
		{3C83FB55-470B-403B-B6DE-2C5E48932295}.Release|x86.Build.0 = Release|Any CPU
		{71F020EB-2F15-461E-AD11-43D3799096CE}.Debug|Any CPU.ActiveCfg = Debug|Any CPU
		{71F020EB-2F15-461E-AD11-43D3799096CE}.Debug|Any CPU.Build.0 = Debug|Any CPU
		{71F020EB-2F15-461E-AD11-43D3799096CE}.Debug|x86.ActiveCfg = Debug|Any CPU
		{71F020EB-2F15-461E-AD11-43D3799096CE}.Debug|x86.Build.0 = Debug|Any CPU
		{71F020EB-2F15-461E-AD11-43D3799096CE}.Release|Any CPU.ActiveCfg = Release|Any CPU
		{71F020EB-2F15-461E-AD11-43D3799096CE}.Release|Any CPU.Build.0 = Release|Any CPU
		{71F020EB-2F15-461E-AD11-43D3799096CE}.Release|x86.ActiveCfg = Release|Any CPU
		{71F020EB-2F15-461E-AD11-43D3799096CE}.Release|x86.Build.0 = Release|Any CPU
		{71F22397-649C-4354-9BA0-6F309C6D4741}.Debug|Any CPU.ActiveCfg = Debug|Any CPU
		{71F22397-649C-4354-9BA0-6F309C6D4741}.Debug|Any CPU.Build.0 = Debug|Any CPU
		{71F22397-649C-4354-9BA0-6F309C6D4741}.Debug|x86.ActiveCfg = Debug|Any CPU
		{71F22397-649C-4354-9BA0-6F309C6D4741}.Debug|x86.Build.0 = Debug|Any CPU
		{71F22397-649C-4354-9BA0-6F309C6D4741}.Release|Any CPU.ActiveCfg = Release|Any CPU
		{71F22397-649C-4354-9BA0-6F309C6D4741}.Release|Any CPU.Build.0 = Release|Any CPU
		{71F22397-649C-4354-9BA0-6F309C6D4741}.Release|x86.ActiveCfg = Release|Any CPU
		{71F22397-649C-4354-9BA0-6F309C6D4741}.Release|x86.Build.0 = Release|Any CPU
		{0ACE0C91-8473-4C13-BC59-DF1A06C9ED79}.Debug|Any CPU.ActiveCfg = Debug|x86
		{0ACE0C91-8473-4C13-BC59-DF1A06C9ED79}.Debug|x86.ActiveCfg = Debug|x86
		{0ACE0C91-8473-4C13-BC59-DF1A06C9ED79}.Debug|x86.Build.0 = Debug|x86
		{0ACE0C91-8473-4C13-BC59-DF1A06C9ED79}.Release|Any CPU.ActiveCfg = Release|x86
		{0ACE0C91-8473-4C13-BC59-DF1A06C9ED79}.Release|x86.ActiveCfg = Release|x86
		{0ACE0C91-8473-4C13-BC59-DF1A06C9ED79}.Release|x86.Build.0 = Release|x86
		{7EF92FA0-48C3-4431-B581-06CFB344D7FE}.Debug|Any CPU.ActiveCfg = Debug|Any CPU
		{7EF92FA0-48C3-4431-B581-06CFB344D7FE}.Debug|Any CPU.Build.0 = Debug|Any CPU
		{7EF92FA0-48C3-4431-B581-06CFB344D7FE}.Debug|x86.ActiveCfg = Debug|Any CPU
		{7EF92FA0-48C3-4431-B581-06CFB344D7FE}.Debug|x86.Build.0 = Debug|Any CPU
		{7EF92FA0-48C3-4431-B581-06CFB344D7FE}.Release|Any CPU.ActiveCfg = Release|Any CPU
		{7EF92FA0-48C3-4431-B581-06CFB344D7FE}.Release|Any CPU.Build.0 = Release|Any CPU
		{7EF92FA0-48C3-4431-B581-06CFB344D7FE}.Release|x86.ActiveCfg = Release|Any CPU
		{7EF92FA0-48C3-4431-B581-06CFB344D7FE}.Release|x86.Build.0 = Release|Any CPU
		{08226584-439B-46EA-BE05-5E6FBE5DD739}.Debug|Any CPU.ActiveCfg = Debug|Any CPU
		{08226584-439B-46EA-BE05-5E6FBE5DD739}.Debug|Any CPU.Build.0 = Debug|Any CPU
		{08226584-439B-46EA-BE05-5E6FBE5DD739}.Debug|x86.ActiveCfg = Debug|Any CPU
		{08226584-439B-46EA-BE05-5E6FBE5DD739}.Debug|x86.Build.0 = Debug|Any CPU
		{08226584-439B-46EA-BE05-5E6FBE5DD739}.Release|Any CPU.ActiveCfg = Release|Any CPU
		{08226584-439B-46EA-BE05-5E6FBE5DD739}.Release|Any CPU.Build.0 = Release|Any CPU
		{08226584-439B-46EA-BE05-5E6FBE5DD739}.Release|x86.ActiveCfg = Release|Any CPU
		{08226584-439B-46EA-BE05-5E6FBE5DD739}.Release|x86.Build.0 = Release|Any CPU
		{19BEB5FF-73C8-4FA9-87AF-EC10D4FDE952}.Debug|Any CPU.ActiveCfg = Debug|Any CPU
		{19BEB5FF-73C8-4FA9-87AF-EC10D4FDE952}.Debug|Any CPU.Build.0 = Debug|Any CPU
		{19BEB5FF-73C8-4FA9-87AF-EC10D4FDE952}.Debug|x86.ActiveCfg = Debug|Any CPU
		{19BEB5FF-73C8-4FA9-87AF-EC10D4FDE952}.Debug|x86.Build.0 = Debug|Any CPU
		{19BEB5FF-73C8-4FA9-87AF-EC10D4FDE952}.Release|Any CPU.ActiveCfg = Release|Any CPU
		{19BEB5FF-73C8-4FA9-87AF-EC10D4FDE952}.Release|Any CPU.Build.0 = Release|Any CPU
		{19BEB5FF-73C8-4FA9-87AF-EC10D4FDE952}.Release|x86.ActiveCfg = Release|Any CPU
		{19BEB5FF-73C8-4FA9-87AF-EC10D4FDE952}.Release|x86.Build.0 = Release|Any CPU
	EndGlobalSection
	GlobalSection(SolutionProperties) = preSolution
		HideSolutionNode = FALSE
	EndGlobalSection
	GlobalSection(NestedProjects) = preSolution
		{0910550F-D073-4798-82CD-BEF18672A85E} = {2C2DB6CF-F47A-4835-9296-33F151356109}
		{AD375BB5-82FF-4A88-B61A-ED6248D6FF58} = {2C2DB6CF-F47A-4835-9296-33F151356109}
		{FB0ABD7A-AF48-4710-8EE9-56C5C279F4BA} = {2C2DB6CF-F47A-4835-9296-33F151356109}
		{039E03E9-C644-4ED6-B1CF-E880B5980C74} = {2C2DB6CF-F47A-4835-9296-33F151356109}
		{8CFF8BB6-CBB0-47B1-8A70-81B395716B27} = {2C2DB6CF-F47A-4835-9296-33F151356109}
		{2E7CCADA-9695-46D3-A6AC-CCB60826339D} = {2C2DB6CF-F47A-4835-9296-33F151356109}
		{8065E261-AD08-414D-B6A6-EB6314A1BEA0} = {2C2DB6CF-F47A-4835-9296-33F151356109}
		{0567132D-0F05-4A55-AAE3-2FD78B5373FB} = {2C2DB6CF-F47A-4835-9296-33F151356109}
		{972A1038-A860-45A4-9189-582F3A32D642} = {0910550F-D073-4798-82CD-BEF18672A85E}
		{6FA7B956-4595-4DC9-8929-66B7990CF89D} = {0910550F-D073-4798-82CD-BEF18672A85E}
		{8B42D50F-7312-4710-90DE-CC596AC37BCC} = {0910550F-D073-4798-82CD-BEF18672A85E}
		{16A8B400-3726-43B9-A82E-358EC6E76331} = {0910550F-D073-4798-82CD-BEF18672A85E}
		{F0D8A0EC-F219-4615-8414-70F19A905831} = {AD375BB5-82FF-4A88-B61A-ED6248D6FF58}
		{E7FB9C17-AC2B-4ABA-89FC-64335D4C45BF} = {AD375BB5-82FF-4A88-B61A-ED6248D6FF58}
		{54B80A11-D0D5-41A3-B93B-9113EA3525BE} = {FB0ABD7A-AF48-4710-8EE9-56C5C279F4BA}
		{616EA948-CA66-4BEC-918F-BA4D89C6636D} = {FB0ABD7A-AF48-4710-8EE9-56C5C279F4BA}
		{6221504C-2937-4EA7-93DC-2C27B3BF83A9} = {FB0ABD7A-AF48-4710-8EE9-56C5C279F4BA}
		{CCD1F4AD-70C7-4E0D-B86E-5F05BCA21B92} = {FB0ABD7A-AF48-4710-8EE9-56C5C279F4BA}
		{EAB18459-6EE5-4489-9D0D-4CCA7C834FB4} = {FB0ABD7A-AF48-4710-8EE9-56C5C279F4BA}
		{A22CA823-232B-4C36-920B-27A4A55DC31E} = {FB0ABD7A-AF48-4710-8EE9-56C5C279F4BA}
		{19ADE472-C993-4848-82EB-C5A009A55494} = {039E03E9-C644-4ED6-B1CF-E880B5980C74}
		{492C4157-3D49-4E94-B51A-CC72C9575AAF} = {039E03E9-C644-4ED6-B1CF-E880B5980C74}
		{8B44D989-027F-4B03-A82E-F5A43DF145CC} = {039E03E9-C644-4ED6-B1CF-E880B5980C74}
		{35641899-2120-4E9E-AA35-B23E67E58932} = {8CFF8BB6-CBB0-47B1-8A70-81B395716B27}
		{C9CEA5D5-A24F-4AB3-A065-6502CC8C2E3F} = {8CFF8BB6-CBB0-47B1-8A70-81B395716B27}
		{0C76593F-9797-4A33-81E6-C097DD6D6D4C} = {8CFF8BB6-CBB0-47B1-8A70-81B395716B27}
		{F9F8F98D-FDA0-4A61-B3C1-1C2A6A619594} = {8CFF8BB6-CBB0-47B1-8A70-81B395716B27}
		{8FF698D5-E3CA-4295-892C-45C2BDACB32B} = {2E7CCADA-9695-46D3-A6AC-CCB60826339D}
		{F4FE9A6B-B9E2-4A0A-A3DC-7C374C8CCCB4} = {2E7CCADA-9695-46D3-A6AC-CCB60826339D}
		{7C6F7F25-2FDB-401F-B1A9-D8CE3BB7308D} = {2E7CCADA-9695-46D3-A6AC-CCB60826339D}
		{79D500B0-715C-4493-918B-7D7BFF71BF1F} = {8065E261-AD08-414D-B6A6-EB6314A1BEA0}
		{335B40F8-E5B7-4236-B332-8023FD0D3D18} = {8065E261-AD08-414D-B6A6-EB6314A1BEA0}
		{9F3FB43B-4401-4579-9976-8DBBE9C40095} = {8065E261-AD08-414D-B6A6-EB6314A1BEA0}
		{3C83FB55-470B-403B-B6DE-2C5E48932295} = {8065E261-AD08-414D-B6A6-EB6314A1BEA0}
		{71F020EB-2F15-461E-AD11-43D3799096CE} = {0567132D-0F05-4A55-AAE3-2FD78B5373FB}
		{71F22397-649C-4354-9BA0-6F309C6D4741} = {0567132D-0F05-4A55-AAE3-2FD78B5373FB}
		{0ACE0C91-8473-4C13-BC59-DF1A06C9ED79} = {D84C2512-C933-47B4-8E29-D86C199EED84}
		{7EF92FA0-48C3-4431-B581-06CFB344D7FE} = {10A25495-773B-4112-99CC-C2BB1A252488}
		{08226584-439B-46EA-BE05-5E6FBE5DD739} = {10A25495-773B-4112-99CC-C2BB1A252488}
		{10A25495-773B-4112-99CC-C2BB1A252488} = {F8D7321A-2D52-4021-BCFB-3F19CB54C799}
		{19BEB5FF-73C8-4FA9-87AF-EC10D4FDE952} = {C3785FE3-A193-43C1-9F86-A933F31E29D9}
		{C3785FE3-A193-43C1-9F86-A933F31E29D9} = {F8D7321A-2D52-4021-BCFB-3F19CB54C799}
	EndGlobalSection
EndGlobal
